
Microsoft Visual Studio Solution File, Format Version 12.00
# Visual Studio 15
VisualStudioVersion = 15.0.28307.102
MinimumVisualStudioVersion = 10.0.40219.1
Project("{FAE04EC0-301F-11D3-BF4B-00C04F79EFBC}") = "HelloKitten", "HelloKitten\HelloKitten.csproj", "{43E953AB-A6EA-49F3-A435-F3C1DEC100D5}"
EndProject
Project("{FAE04EC0-301F-11D3-BF4B-00C04F79EFBC}") = "GetToDoListe", "GetToDoListe\GetToDoListe.csproj", "{3EBEAC33-96F6-474B-9F7D-3794F024313F}"
EndProject
Project("{FAE04EC0-301F-11D3-BF4B-00C04F79EFBC}") = "HelloXForms.Android", "HelloXForms\HelloXForms.Android\HelloXForms.Android.csproj", "{F5F32B86-3D7A-4776-B9A1-9E7A565A3CEF}"
EndProject
Project("{FAE04EC0-301F-11D3-BF4B-00C04F79EFBC}") = "HelloXForms.iOS", "HelloXForms\HelloXForms.iOS\HelloXForms.iOS.csproj", "{64407F8D-74DE-474B-B6A3-196332D49773}"
EndProject
Project("{FAE04EC0-301F-11D3-BF4B-00C04F79EFBC}") = "HelloXForms.UWP", "HelloXForms\HelloXForms.UWP\HelloXForms.UWP.csproj", "{6E90D56E-9552-4047-B40D-CB879EACC39A}"
EndProject
Project("{9A19103F-16F7-4668-BE54-9A1E7A4F7556}") = "HelloXForms", "HelloXForms\HelloXForms\HelloXForms.csproj", "{1B428362-C3A8-4435-8363-2833641D0543}"
EndProject
Project("{2150E333-8FDC-42A3-9474-1A3956D46DE8}") = "XForms", "XForms", "{EE469838-3A24-4D96-A8AA-43BE15C47480}"
EndProject
Project("{FAE04EC0-301F-11D3-BF4B-00C04F79EFBC}") = "Steuerelemente.Android", "Steuerelemente\Steuerelemente.Android\Steuerelemente.Android.csproj", "{FC2ABD54-AEC6-4DB5-A3AB-E6C4E612FFAE}"
EndProject
Project("{FAE04EC0-301F-11D3-BF4B-00C04F79EFBC}") = "Steuerelemente.iOS", "Steuerelemente\Steuerelemente.iOS\Steuerelemente.iOS.csproj", "{CABB9CFE-3421-4841-B640-70F84BCE7A84}"
EndProject
Project("{FAE04EC0-301F-11D3-BF4B-00C04F79EFBC}") = "Steuerelemente.UWP", "Steuerelemente\Steuerelemente.UWP\Steuerelemente.UWP.csproj", "{7B7BC188-6C84-4B0E-8AEE-D5E545722D32}"
EndProject
Project("{FAE04EC0-301F-11D3-BF4B-00C04F79EFBC}") = "Steuerelemente", "Steuerelemente\Steuerelemente\Steuerelemente.csproj", "{6BE5B20F-332F-47F6-90ED-980C705F5118}"
EndProject
Project("{2150E333-8FDC-42A3-9474-1A3956D46DE8}") = "XFormsSteuerelemente", "XFormsSteuerelemente", "{15CCA129-1511-4C55-944E-E7A4FE8708AD}"
EndProject
Global
	GlobalSection(SolutionConfigurationPlatforms) = preSolution
		Ad-Hoc|Any CPU = Ad-Hoc|Any CPU
		Ad-Hoc|ARM = Ad-Hoc|ARM
		Ad-Hoc|iPhone = Ad-Hoc|iPhone
		Ad-Hoc|iPhoneSimulator = Ad-Hoc|iPhoneSimulator
		Ad-Hoc|x64 = Ad-Hoc|x64
		Ad-Hoc|x86 = Ad-Hoc|x86
		AppStore|Any CPU = AppStore|Any CPU
		AppStore|ARM = AppStore|ARM
		AppStore|iPhone = AppStore|iPhone
		AppStore|iPhoneSimulator = AppStore|iPhoneSimulator
		AppStore|x64 = AppStore|x64
		AppStore|x86 = AppStore|x86
		Debug|Any CPU = Debug|Any CPU
		Debug|ARM = Debug|ARM
		Debug|iPhone = Debug|iPhone
		Debug|iPhoneSimulator = Debug|iPhoneSimulator
		Debug|x64 = Debug|x64
		Debug|x86 = Debug|x86
		Release|Any CPU = Release|Any CPU
		Release|ARM = Release|ARM
		Release|iPhone = Release|iPhone
		Release|iPhoneSimulator = Release|iPhoneSimulator
		Release|x64 = Release|x64
		Release|x86 = Release|x86
	EndGlobalSection
	GlobalSection(ProjectConfigurationPlatforms) = postSolution
		{43E953AB-A6EA-49F3-A435-F3C1DEC100D5}.Ad-Hoc|Any CPU.ActiveCfg = Release|Any CPU
		{43E953AB-A6EA-49F3-A435-F3C1DEC100D5}.Ad-Hoc|Any CPU.Build.0 = Release|Any CPU
		{43E953AB-A6EA-49F3-A435-F3C1DEC100D5}.Ad-Hoc|Any CPU.Deploy.0 = Release|Any CPU
		{43E953AB-A6EA-49F3-A435-F3C1DEC100D5}.Ad-Hoc|ARM.ActiveCfg = Release|Any CPU
		{43E953AB-A6EA-49F3-A435-F3C1DEC100D5}.Ad-Hoc|ARM.Build.0 = Release|Any CPU
		{43E953AB-A6EA-49F3-A435-F3C1DEC100D5}.Ad-Hoc|ARM.Deploy.0 = Release|Any CPU
		{43E953AB-A6EA-49F3-A435-F3C1DEC100D5}.Ad-Hoc|iPhone.ActiveCfg = Release|Any CPU
		{43E953AB-A6EA-49F3-A435-F3C1DEC100D5}.Ad-Hoc|iPhone.Build.0 = Release|Any CPU
		{43E953AB-A6EA-49F3-A435-F3C1DEC100D5}.Ad-Hoc|iPhone.Deploy.0 = Release|Any CPU
		{43E953AB-A6EA-49F3-A435-F3C1DEC100D5}.Ad-Hoc|iPhoneSimulator.ActiveCfg = Release|Any CPU
		{43E953AB-A6EA-49F3-A435-F3C1DEC100D5}.Ad-Hoc|iPhoneSimulator.Build.0 = Release|Any CPU
		{43E953AB-A6EA-49F3-A435-F3C1DEC100D5}.Ad-Hoc|iPhoneSimulator.Deploy.0 = Release|Any CPU
		{43E953AB-A6EA-49F3-A435-F3C1DEC100D5}.Ad-Hoc|x64.ActiveCfg = Release|Any CPU
		{43E953AB-A6EA-49F3-A435-F3C1DEC100D5}.Ad-Hoc|x64.Build.0 = Release|Any CPU
		{43E953AB-A6EA-49F3-A435-F3C1DEC100D5}.Ad-Hoc|x64.Deploy.0 = Release|Any CPU
		{43E953AB-A6EA-49F3-A435-F3C1DEC100D5}.Ad-Hoc|x86.ActiveCfg = Release|Any CPU
		{43E953AB-A6EA-49F3-A435-F3C1DEC100D5}.Ad-Hoc|x86.Build.0 = Release|Any CPU
		{43E953AB-A6EA-49F3-A435-F3C1DEC100D5}.Ad-Hoc|x86.Deploy.0 = Release|Any CPU
		{43E953AB-A6EA-49F3-A435-F3C1DEC100D5}.AppStore|Any CPU.ActiveCfg = Release|Any CPU
		{43E953AB-A6EA-49F3-A435-F3C1DEC100D5}.AppStore|Any CPU.Build.0 = Release|Any CPU
		{43E953AB-A6EA-49F3-A435-F3C1DEC100D5}.AppStore|Any CPU.Deploy.0 = Release|Any CPU
		{43E953AB-A6EA-49F3-A435-F3C1DEC100D5}.AppStore|ARM.ActiveCfg = Release|Any CPU
		{43E953AB-A6EA-49F3-A435-F3C1DEC100D5}.AppStore|ARM.Build.0 = Release|Any CPU
		{43E953AB-A6EA-49F3-A435-F3C1DEC100D5}.AppStore|ARM.Deploy.0 = Release|Any CPU
		{43E953AB-A6EA-49F3-A435-F3C1DEC100D5}.AppStore|iPhone.ActiveCfg = Release|Any CPU
		{43E953AB-A6EA-49F3-A435-F3C1DEC100D5}.AppStore|iPhone.Build.0 = Release|Any CPU
		{43E953AB-A6EA-49F3-A435-F3C1DEC100D5}.AppStore|iPhone.Deploy.0 = Release|Any CPU
		{43E953AB-A6EA-49F3-A435-F3C1DEC100D5}.AppStore|iPhoneSimulator.ActiveCfg = Release|Any CPU
		{43E953AB-A6EA-49F3-A435-F3C1DEC100D5}.AppStore|iPhoneSimulator.Build.0 = Release|Any CPU
		{43E953AB-A6EA-49F3-A435-F3C1DEC100D5}.AppStore|iPhoneSimulator.Deploy.0 = Release|Any CPU
		{43E953AB-A6EA-49F3-A435-F3C1DEC100D5}.AppStore|x64.ActiveCfg = Release|Any CPU
		{43E953AB-A6EA-49F3-A435-F3C1DEC100D5}.AppStore|x64.Build.0 = Release|Any CPU
		{43E953AB-A6EA-49F3-A435-F3C1DEC100D5}.AppStore|x64.Deploy.0 = Release|Any CPU
		{43E953AB-A6EA-49F3-A435-F3C1DEC100D5}.AppStore|x86.ActiveCfg = Release|Any CPU
		{43E953AB-A6EA-49F3-A435-F3C1DEC100D5}.AppStore|x86.Build.0 = Release|Any CPU
		{43E953AB-A6EA-49F3-A435-F3C1DEC100D5}.AppStore|x86.Deploy.0 = Release|Any CPU
		{43E953AB-A6EA-49F3-A435-F3C1DEC100D5}.Debug|Any CPU.ActiveCfg = Debug|Any CPU
		{43E953AB-A6EA-49F3-A435-F3C1DEC100D5}.Debug|Any CPU.Build.0 = Debug|Any CPU
		{43E953AB-A6EA-49F3-A435-F3C1DEC100D5}.Debug|Any CPU.Deploy.0 = Debug|Any CPU
		{43E953AB-A6EA-49F3-A435-F3C1DEC100D5}.Debug|ARM.ActiveCfg = Debug|Any CPU
		{43E953AB-A6EA-49F3-A435-F3C1DEC100D5}.Debug|ARM.Build.0 = Debug|Any CPU
		{43E953AB-A6EA-49F3-A435-F3C1DEC100D5}.Debug|ARM.Deploy.0 = Debug|Any CPU
		{43E953AB-A6EA-49F3-A435-F3C1DEC100D5}.Debug|iPhone.ActiveCfg = Debug|Any CPU
		{43E953AB-A6EA-49F3-A435-F3C1DEC100D5}.Debug|iPhone.Build.0 = Debug|Any CPU
		{43E953AB-A6EA-49F3-A435-F3C1DEC100D5}.Debug|iPhone.Deploy.0 = Debug|Any CPU
		{43E953AB-A6EA-49F3-A435-F3C1DEC100D5}.Debug|iPhoneSimulator.ActiveCfg = Debug|Any CPU
		{43E953AB-A6EA-49F3-A435-F3C1DEC100D5}.Debug|iPhoneSimulator.Build.0 = Debug|Any CPU
		{43E953AB-A6EA-49F3-A435-F3C1DEC100D5}.Debug|iPhoneSimulator.Deploy.0 = Debug|Any CPU
		{43E953AB-A6EA-49F3-A435-F3C1DEC100D5}.Debug|x64.ActiveCfg = Debug|Any CPU
		{43E953AB-A6EA-49F3-A435-F3C1DEC100D5}.Debug|x64.Build.0 = Debug|Any CPU
		{43E953AB-A6EA-49F3-A435-F3C1DEC100D5}.Debug|x64.Deploy.0 = Debug|Any CPU
		{43E953AB-A6EA-49F3-A435-F3C1DEC100D5}.Debug|x86.ActiveCfg = Debug|Any CPU
		{43E953AB-A6EA-49F3-A435-F3C1DEC100D5}.Debug|x86.Build.0 = Debug|Any CPU
		{43E953AB-A6EA-49F3-A435-F3C1DEC100D5}.Debug|x86.Deploy.0 = Debug|Any CPU
		{43E953AB-A6EA-49F3-A435-F3C1DEC100D5}.Release|Any CPU.ActiveCfg = Release|Any CPU
		{43E953AB-A6EA-49F3-A435-F3C1DEC100D5}.Release|Any CPU.Build.0 = Release|Any CPU
		{43E953AB-A6EA-49F3-A435-F3C1DEC100D5}.Release|Any CPU.Deploy.0 = Release|Any CPU
		{43E953AB-A6EA-49F3-A435-F3C1DEC100D5}.Release|ARM.ActiveCfg = Release|Any CPU
		{43E953AB-A6EA-49F3-A435-F3C1DEC100D5}.Release|ARM.Build.0 = Release|Any CPU
		{43E953AB-A6EA-49F3-A435-F3C1DEC100D5}.Release|ARM.Deploy.0 = Release|Any CPU
		{43E953AB-A6EA-49F3-A435-F3C1DEC100D5}.Release|iPhone.ActiveCfg = Release|Any CPU
		{43E953AB-A6EA-49F3-A435-F3C1DEC100D5}.Release|iPhone.Build.0 = Release|Any CPU
		{43E953AB-A6EA-49F3-A435-F3C1DEC100D5}.Release|iPhone.Deploy.0 = Release|Any CPU
		{43E953AB-A6EA-49F3-A435-F3C1DEC100D5}.Release|iPhoneSimulator.ActiveCfg = Release|Any CPU
		{43E953AB-A6EA-49F3-A435-F3C1DEC100D5}.Release|iPhoneSimulator.Build.0 = Release|Any CPU
		{43E953AB-A6EA-49F3-A435-F3C1DEC100D5}.Release|iPhoneSimulator.Deploy.0 = Release|Any CPU
		{43E953AB-A6EA-49F3-A435-F3C1DEC100D5}.Release|x64.ActiveCfg = Release|Any CPU
		{43E953AB-A6EA-49F3-A435-F3C1DEC100D5}.Release|x64.Build.0 = Release|Any CPU
		{43E953AB-A6EA-49F3-A435-F3C1DEC100D5}.Release|x64.Deploy.0 = Release|Any CPU
		{43E953AB-A6EA-49F3-A435-F3C1DEC100D5}.Release|x86.ActiveCfg = Release|Any CPU
		{43E953AB-A6EA-49F3-A435-F3C1DEC100D5}.Release|x86.Build.0 = Release|Any CPU
		{43E953AB-A6EA-49F3-A435-F3C1DEC100D5}.Release|x86.Deploy.0 = Release|Any CPU
		{3EBEAC33-96F6-474B-9F7D-3794F024313F}.Ad-Hoc|Any CPU.ActiveCfg = Release|Any CPU
		{3EBEAC33-96F6-474B-9F7D-3794F024313F}.Ad-Hoc|Any CPU.Build.0 = Release|Any CPU
		{3EBEAC33-96F6-474B-9F7D-3794F024313F}.Ad-Hoc|Any CPU.Deploy.0 = Release|Any CPU
		{3EBEAC33-96F6-474B-9F7D-3794F024313F}.Ad-Hoc|ARM.ActiveCfg = Release|Any CPU
		{3EBEAC33-96F6-474B-9F7D-3794F024313F}.Ad-Hoc|ARM.Build.0 = Release|Any CPU
		{3EBEAC33-96F6-474B-9F7D-3794F024313F}.Ad-Hoc|ARM.Deploy.0 = Release|Any CPU
		{3EBEAC33-96F6-474B-9F7D-3794F024313F}.Ad-Hoc|iPhone.ActiveCfg = Release|Any CPU
		{3EBEAC33-96F6-474B-9F7D-3794F024313F}.Ad-Hoc|iPhone.Build.0 = Release|Any CPU
		{3EBEAC33-96F6-474B-9F7D-3794F024313F}.Ad-Hoc|iPhone.Deploy.0 = Release|Any CPU
		{3EBEAC33-96F6-474B-9F7D-3794F024313F}.Ad-Hoc|iPhoneSimulator.ActiveCfg = Release|Any CPU
		{3EBEAC33-96F6-474B-9F7D-3794F024313F}.Ad-Hoc|iPhoneSimulator.Build.0 = Release|Any CPU
		{3EBEAC33-96F6-474B-9F7D-3794F024313F}.Ad-Hoc|iPhoneSimulator.Deploy.0 = Release|Any CPU
		{3EBEAC33-96F6-474B-9F7D-3794F024313F}.Ad-Hoc|x64.ActiveCfg = Release|Any CPU
		{3EBEAC33-96F6-474B-9F7D-3794F024313F}.Ad-Hoc|x64.Build.0 = Release|Any CPU
		{3EBEAC33-96F6-474B-9F7D-3794F024313F}.Ad-Hoc|x64.Deploy.0 = Release|Any CPU
		{3EBEAC33-96F6-474B-9F7D-3794F024313F}.Ad-Hoc|x86.ActiveCfg = Release|Any CPU
		{3EBEAC33-96F6-474B-9F7D-3794F024313F}.Ad-Hoc|x86.Build.0 = Release|Any CPU
		{3EBEAC33-96F6-474B-9F7D-3794F024313F}.Ad-Hoc|x86.Deploy.0 = Release|Any CPU
		{3EBEAC33-96F6-474B-9F7D-3794F024313F}.AppStore|Any CPU.ActiveCfg = Release|Any CPU
		{3EBEAC33-96F6-474B-9F7D-3794F024313F}.AppStore|Any CPU.Build.0 = Release|Any CPU
		{3EBEAC33-96F6-474B-9F7D-3794F024313F}.AppStore|Any CPU.Deploy.0 = Release|Any CPU
		{3EBEAC33-96F6-474B-9F7D-3794F024313F}.AppStore|ARM.ActiveCfg = Release|Any CPU
		{3EBEAC33-96F6-474B-9F7D-3794F024313F}.AppStore|ARM.Build.0 = Release|Any CPU
		{3EBEAC33-96F6-474B-9F7D-3794F024313F}.AppStore|ARM.Deploy.0 = Release|Any CPU
		{3EBEAC33-96F6-474B-9F7D-3794F024313F}.AppStore|iPhone.ActiveCfg = Release|Any CPU
		{3EBEAC33-96F6-474B-9F7D-3794F024313F}.AppStore|iPhone.Build.0 = Release|Any CPU
		{3EBEAC33-96F6-474B-9F7D-3794F024313F}.AppStore|iPhone.Deploy.0 = Release|Any CPU
		{3EBEAC33-96F6-474B-9F7D-3794F024313F}.AppStore|iPhoneSimulator.ActiveCfg = Release|Any CPU
		{3EBEAC33-96F6-474B-9F7D-3794F024313F}.AppStore|iPhoneSimulator.Build.0 = Release|Any CPU
		{3EBEAC33-96F6-474B-9F7D-3794F024313F}.AppStore|iPhoneSimulator.Deploy.0 = Release|Any CPU
		{3EBEAC33-96F6-474B-9F7D-3794F024313F}.AppStore|x64.ActiveCfg = Release|Any CPU
		{3EBEAC33-96F6-474B-9F7D-3794F024313F}.AppStore|x64.Build.0 = Release|Any CPU
		{3EBEAC33-96F6-474B-9F7D-3794F024313F}.AppStore|x64.Deploy.0 = Release|Any CPU
		{3EBEAC33-96F6-474B-9F7D-3794F024313F}.AppStore|x86.ActiveCfg = Release|Any CPU
		{3EBEAC33-96F6-474B-9F7D-3794F024313F}.AppStore|x86.Build.0 = Release|Any CPU
		{3EBEAC33-96F6-474B-9F7D-3794F024313F}.AppStore|x86.Deploy.0 = Release|Any CPU
		{3EBEAC33-96F6-474B-9F7D-3794F024313F}.Debug|Any CPU.ActiveCfg = Debug|Any CPU
		{3EBEAC33-96F6-474B-9F7D-3794F024313F}.Debug|Any CPU.Build.0 = Debug|Any CPU
		{3EBEAC33-96F6-474B-9F7D-3794F024313F}.Debug|Any CPU.Deploy.0 = Debug|Any CPU
		{3EBEAC33-96F6-474B-9F7D-3794F024313F}.Debug|ARM.ActiveCfg = Debug|Any CPU
		{3EBEAC33-96F6-474B-9F7D-3794F024313F}.Debug|ARM.Build.0 = Debug|Any CPU
		{3EBEAC33-96F6-474B-9F7D-3794F024313F}.Debug|ARM.Deploy.0 = Debug|Any CPU
		{3EBEAC33-96F6-474B-9F7D-3794F024313F}.Debug|iPhone.ActiveCfg = Debug|Any CPU
		{3EBEAC33-96F6-474B-9F7D-3794F024313F}.Debug|iPhone.Build.0 = Debug|Any CPU
		{3EBEAC33-96F6-474B-9F7D-3794F024313F}.Debug|iPhone.Deploy.0 = Debug|Any CPU
		{3EBEAC33-96F6-474B-9F7D-3794F024313F}.Debug|iPhoneSimulator.ActiveCfg = Debug|Any CPU
		{3EBEAC33-96F6-474B-9F7D-3794F024313F}.Debug|iPhoneSimulator.Build.0 = Debug|Any CPU
		{3EBEAC33-96F6-474B-9F7D-3794F024313F}.Debug|iPhoneSimulator.Deploy.0 = Debug|Any CPU
		{3EBEAC33-96F6-474B-9F7D-3794F024313F}.Debug|x64.ActiveCfg = Debug|Any CPU
		{3EBEAC33-96F6-474B-9F7D-3794F024313F}.Debug|x64.Build.0 = Debug|Any CPU
		{3EBEAC33-96F6-474B-9F7D-3794F024313F}.Debug|x64.Deploy.0 = Debug|Any CPU
		{3EBEAC33-96F6-474B-9F7D-3794F024313F}.Debug|x86.ActiveCfg = Debug|Any CPU
		{3EBEAC33-96F6-474B-9F7D-3794F024313F}.Debug|x86.Build.0 = Debug|Any CPU
		{3EBEAC33-96F6-474B-9F7D-3794F024313F}.Debug|x86.Deploy.0 = Debug|Any CPU
		{3EBEAC33-96F6-474B-9F7D-3794F024313F}.Release|Any CPU.ActiveCfg = Release|Any CPU
		{3EBEAC33-96F6-474B-9F7D-3794F024313F}.Release|Any CPU.Build.0 = Release|Any CPU
		{3EBEAC33-96F6-474B-9F7D-3794F024313F}.Release|Any CPU.Deploy.0 = Release|Any CPU
		{3EBEAC33-96F6-474B-9F7D-3794F024313F}.Release|ARM.ActiveCfg = Release|Any CPU
		{3EBEAC33-96F6-474B-9F7D-3794F024313F}.Release|ARM.Build.0 = Release|Any CPU
		{3EBEAC33-96F6-474B-9F7D-3794F024313F}.Release|ARM.Deploy.0 = Release|Any CPU
		{3EBEAC33-96F6-474B-9F7D-3794F024313F}.Release|iPhone.ActiveCfg = Release|Any CPU
		{3EBEAC33-96F6-474B-9F7D-3794F024313F}.Release|iPhone.Build.0 = Release|Any CPU
		{3EBEAC33-96F6-474B-9F7D-3794F024313F}.Release|iPhone.Deploy.0 = Release|Any CPU
		{3EBEAC33-96F6-474B-9F7D-3794F024313F}.Release|iPhoneSimulator.ActiveCfg = Release|Any CPU
		{3EBEAC33-96F6-474B-9F7D-3794F024313F}.Release|iPhoneSimulator.Build.0 = Release|Any CPU
		{3EBEAC33-96F6-474B-9F7D-3794F024313F}.Release|iPhoneSimulator.Deploy.0 = Release|Any CPU
		{3EBEAC33-96F6-474B-9F7D-3794F024313F}.Release|x64.ActiveCfg = Release|Any CPU
		{3EBEAC33-96F6-474B-9F7D-3794F024313F}.Release|x64.Build.0 = Release|Any CPU
		{3EBEAC33-96F6-474B-9F7D-3794F024313F}.Release|x64.Deploy.0 = Release|Any CPU
		{3EBEAC33-96F6-474B-9F7D-3794F024313F}.Release|x86.ActiveCfg = Release|Any CPU
		{3EBEAC33-96F6-474B-9F7D-3794F024313F}.Release|x86.Build.0 = Release|Any CPU
		{3EBEAC33-96F6-474B-9F7D-3794F024313F}.Release|x86.Deploy.0 = Release|Any CPU
		{F5F32B86-3D7A-4776-B9A1-9E7A565A3CEF}.Ad-Hoc|Any CPU.ActiveCfg = Release|Any CPU
		{F5F32B86-3D7A-4776-B9A1-9E7A565A3CEF}.Ad-Hoc|Any CPU.Build.0 = Release|Any CPU
		{F5F32B86-3D7A-4776-B9A1-9E7A565A3CEF}.Ad-Hoc|Any CPU.Deploy.0 = Release|Any CPU
		{F5F32B86-3D7A-4776-B9A1-9E7A565A3CEF}.Ad-Hoc|ARM.ActiveCfg = Release|Any CPU
		{F5F32B86-3D7A-4776-B9A1-9E7A565A3CEF}.Ad-Hoc|ARM.Build.0 = Release|Any CPU
		{F5F32B86-3D7A-4776-B9A1-9E7A565A3CEF}.Ad-Hoc|ARM.Deploy.0 = Release|Any CPU
		{F5F32B86-3D7A-4776-B9A1-9E7A565A3CEF}.Ad-Hoc|iPhone.ActiveCfg = Release|Any CPU
		{F5F32B86-3D7A-4776-B9A1-9E7A565A3CEF}.Ad-Hoc|iPhone.Build.0 = Release|Any CPU
		{F5F32B86-3D7A-4776-B9A1-9E7A565A3CEF}.Ad-Hoc|iPhone.Deploy.0 = Release|Any CPU
		{F5F32B86-3D7A-4776-B9A1-9E7A565A3CEF}.Ad-Hoc|iPhoneSimulator.ActiveCfg = Release|Any CPU
		{F5F32B86-3D7A-4776-B9A1-9E7A565A3CEF}.Ad-Hoc|iPhoneSimulator.Build.0 = Release|Any CPU
		{F5F32B86-3D7A-4776-B9A1-9E7A565A3CEF}.Ad-Hoc|iPhoneSimulator.Deploy.0 = Release|Any CPU
		{F5F32B86-3D7A-4776-B9A1-9E7A565A3CEF}.Ad-Hoc|x64.ActiveCfg = Release|Any CPU
		{F5F32B86-3D7A-4776-B9A1-9E7A565A3CEF}.Ad-Hoc|x64.Build.0 = Release|Any CPU
		{F5F32B86-3D7A-4776-B9A1-9E7A565A3CEF}.Ad-Hoc|x64.Deploy.0 = Release|Any CPU
		{F5F32B86-3D7A-4776-B9A1-9E7A565A3CEF}.Ad-Hoc|x86.ActiveCfg = Release|Any CPU
		{F5F32B86-3D7A-4776-B9A1-9E7A565A3CEF}.Ad-Hoc|x86.Build.0 = Release|Any CPU
		{F5F32B86-3D7A-4776-B9A1-9E7A565A3CEF}.Ad-Hoc|x86.Deploy.0 = Release|Any CPU
		{F5F32B86-3D7A-4776-B9A1-9E7A565A3CEF}.AppStore|Any CPU.ActiveCfg = Release|Any CPU
		{F5F32B86-3D7A-4776-B9A1-9E7A565A3CEF}.AppStore|Any CPU.Build.0 = Release|Any CPU
		{F5F32B86-3D7A-4776-B9A1-9E7A565A3CEF}.AppStore|Any CPU.Deploy.0 = Release|Any CPU
		{F5F32B86-3D7A-4776-B9A1-9E7A565A3CEF}.AppStore|ARM.ActiveCfg = Release|Any CPU
		{F5F32B86-3D7A-4776-B9A1-9E7A565A3CEF}.AppStore|ARM.Build.0 = Release|Any CPU
		{F5F32B86-3D7A-4776-B9A1-9E7A565A3CEF}.AppStore|ARM.Deploy.0 = Release|Any CPU
		{F5F32B86-3D7A-4776-B9A1-9E7A565A3CEF}.AppStore|iPhone.ActiveCfg = Release|Any CPU
		{F5F32B86-3D7A-4776-B9A1-9E7A565A3CEF}.AppStore|iPhone.Build.0 = Release|Any CPU
		{F5F32B86-3D7A-4776-B9A1-9E7A565A3CEF}.AppStore|iPhone.Deploy.0 = Release|Any CPU
		{F5F32B86-3D7A-4776-B9A1-9E7A565A3CEF}.AppStore|iPhoneSimulator.ActiveCfg = Release|Any CPU
		{F5F32B86-3D7A-4776-B9A1-9E7A565A3CEF}.AppStore|iPhoneSimulator.Build.0 = Release|Any CPU
		{F5F32B86-3D7A-4776-B9A1-9E7A565A3CEF}.AppStore|iPhoneSimulator.Deploy.0 = Release|Any CPU
		{F5F32B86-3D7A-4776-B9A1-9E7A565A3CEF}.AppStore|x64.ActiveCfg = Release|Any CPU
		{F5F32B86-3D7A-4776-B9A1-9E7A565A3CEF}.AppStore|x64.Build.0 = Release|Any CPU
		{F5F32B86-3D7A-4776-B9A1-9E7A565A3CEF}.AppStore|x64.Deploy.0 = Release|Any CPU
		{F5F32B86-3D7A-4776-B9A1-9E7A565A3CEF}.AppStore|x86.ActiveCfg = Release|Any CPU
		{F5F32B86-3D7A-4776-B9A1-9E7A565A3CEF}.AppStore|x86.Build.0 = Release|Any CPU
		{F5F32B86-3D7A-4776-B9A1-9E7A565A3CEF}.AppStore|x86.Deploy.0 = Release|Any CPU
		{F5F32B86-3D7A-4776-B9A1-9E7A565A3CEF}.Debug|Any CPU.ActiveCfg = Debug|Any CPU
		{F5F32B86-3D7A-4776-B9A1-9E7A565A3CEF}.Debug|Any CPU.Build.0 = Debug|Any CPU
		{F5F32B86-3D7A-4776-B9A1-9E7A565A3CEF}.Debug|Any CPU.Deploy.0 = Debug|Any CPU
		{F5F32B86-3D7A-4776-B9A1-9E7A565A3CEF}.Debug|ARM.ActiveCfg = Debug|Any CPU
		{F5F32B86-3D7A-4776-B9A1-9E7A565A3CEF}.Debug|ARM.Build.0 = Debug|Any CPU
		{F5F32B86-3D7A-4776-B9A1-9E7A565A3CEF}.Debug|ARM.Deploy.0 = Debug|Any CPU
		{F5F32B86-3D7A-4776-B9A1-9E7A565A3CEF}.Debug|iPhone.ActiveCfg = Debug|Any CPU
		{F5F32B86-3D7A-4776-B9A1-9E7A565A3CEF}.Debug|iPhone.Build.0 = Debug|Any CPU
		{F5F32B86-3D7A-4776-B9A1-9E7A565A3CEF}.Debug|iPhone.Deploy.0 = Debug|Any CPU
		{F5F32B86-3D7A-4776-B9A1-9E7A565A3CEF}.Debug|iPhoneSimulator.ActiveCfg = Debug|Any CPU
		{F5F32B86-3D7A-4776-B9A1-9E7A565A3CEF}.Debug|iPhoneSimulator.Build.0 = Debug|Any CPU
		{F5F32B86-3D7A-4776-B9A1-9E7A565A3CEF}.Debug|iPhoneSimulator.Deploy.0 = Debug|Any CPU
		{F5F32B86-3D7A-4776-B9A1-9E7A565A3CEF}.Debug|x64.ActiveCfg = Debug|Any CPU
		{F5F32B86-3D7A-4776-B9A1-9E7A565A3CEF}.Debug|x64.Build.0 = Debug|Any CPU
		{F5F32B86-3D7A-4776-B9A1-9E7A565A3CEF}.Debug|x64.Deploy.0 = Debug|Any CPU
		{F5F32B86-3D7A-4776-B9A1-9E7A565A3CEF}.Debug|x86.ActiveCfg = Debug|Any CPU
		{F5F32B86-3D7A-4776-B9A1-9E7A565A3CEF}.Debug|x86.Build.0 = Debug|Any CPU
		{F5F32B86-3D7A-4776-B9A1-9E7A565A3CEF}.Debug|x86.Deploy.0 = Debug|Any CPU
		{F5F32B86-3D7A-4776-B9A1-9E7A565A3CEF}.Release|Any CPU.ActiveCfg = Release|Any CPU
		{F5F32B86-3D7A-4776-B9A1-9E7A565A3CEF}.Release|Any CPU.Build.0 = Release|Any CPU
		{F5F32B86-3D7A-4776-B9A1-9E7A565A3CEF}.Release|Any CPU.Deploy.0 = Release|Any CPU
		{F5F32B86-3D7A-4776-B9A1-9E7A565A3CEF}.Release|ARM.ActiveCfg = Release|Any CPU
		{F5F32B86-3D7A-4776-B9A1-9E7A565A3CEF}.Release|ARM.Build.0 = Release|Any CPU
		{F5F32B86-3D7A-4776-B9A1-9E7A565A3CEF}.Release|ARM.Deploy.0 = Release|Any CPU
		{F5F32B86-3D7A-4776-B9A1-9E7A565A3CEF}.Release|iPhone.ActiveCfg = Release|Any CPU
		{F5F32B86-3D7A-4776-B9A1-9E7A565A3CEF}.Release|iPhone.Build.0 = Release|Any CPU
		{F5F32B86-3D7A-4776-B9A1-9E7A565A3CEF}.Release|iPhone.Deploy.0 = Release|Any CPU
		{F5F32B86-3D7A-4776-B9A1-9E7A565A3CEF}.Release|iPhoneSimulator.ActiveCfg = Release|Any CPU
		{F5F32B86-3D7A-4776-B9A1-9E7A565A3CEF}.Release|iPhoneSimulator.Build.0 = Release|Any CPU
		{F5F32B86-3D7A-4776-B9A1-9E7A565A3CEF}.Release|iPhoneSimulator.Deploy.0 = Release|Any CPU
		{F5F32B86-3D7A-4776-B9A1-9E7A565A3CEF}.Release|x64.ActiveCfg = Release|Any CPU
		{F5F32B86-3D7A-4776-B9A1-9E7A565A3CEF}.Release|x64.Build.0 = Release|Any CPU
		{F5F32B86-3D7A-4776-B9A1-9E7A565A3CEF}.Release|x64.Deploy.0 = Release|Any CPU
		{F5F32B86-3D7A-4776-B9A1-9E7A565A3CEF}.Release|x86.ActiveCfg = Release|Any CPU
		{F5F32B86-3D7A-4776-B9A1-9E7A565A3CEF}.Release|x86.Build.0 = Release|Any CPU
		{F5F32B86-3D7A-4776-B9A1-9E7A565A3CEF}.Release|x86.Deploy.0 = Release|Any CPU
		{64407F8D-74DE-474B-B6A3-196332D49773}.Ad-Hoc|Any CPU.ActiveCfg = Ad-Hoc|iPhone
		{64407F8D-74DE-474B-B6A3-196332D49773}.Ad-Hoc|ARM.ActiveCfg = Ad-Hoc|iPhone
		{64407F8D-74DE-474B-B6A3-196332D49773}.Ad-Hoc|iPhone.ActiveCfg = Ad-Hoc|iPhone
		{64407F8D-74DE-474B-B6A3-196332D49773}.Ad-Hoc|iPhone.Build.0 = Ad-Hoc|iPhone
		{64407F8D-74DE-474B-B6A3-196332D49773}.Ad-Hoc|iPhoneSimulator.ActiveCfg = Ad-Hoc|iPhoneSimulator
		{64407F8D-74DE-474B-B6A3-196332D49773}.Ad-Hoc|iPhoneSimulator.Build.0 = Ad-Hoc|iPhoneSimulator
		{64407F8D-74DE-474B-B6A3-196332D49773}.Ad-Hoc|x64.ActiveCfg = Ad-Hoc|iPhone
		{64407F8D-74DE-474B-B6A3-196332D49773}.Ad-Hoc|x86.ActiveCfg = Ad-Hoc|iPhone
		{64407F8D-74DE-474B-B6A3-196332D49773}.AppStore|Any CPU.ActiveCfg = AppStore|iPhone
		{64407F8D-74DE-474B-B6A3-196332D49773}.AppStore|ARM.ActiveCfg = AppStore|iPhone
		{64407F8D-74DE-474B-B6A3-196332D49773}.AppStore|iPhone.ActiveCfg = AppStore|iPhone
		{64407F8D-74DE-474B-B6A3-196332D49773}.AppStore|iPhone.Build.0 = AppStore|iPhone
		{64407F8D-74DE-474B-B6A3-196332D49773}.AppStore|iPhoneSimulator.ActiveCfg = AppStore|iPhoneSimulator
		{64407F8D-74DE-474B-B6A3-196332D49773}.AppStore|iPhoneSimulator.Build.0 = AppStore|iPhoneSimulator
		{64407F8D-74DE-474B-B6A3-196332D49773}.AppStore|x64.ActiveCfg = AppStore|iPhone
		{64407F8D-74DE-474B-B6A3-196332D49773}.AppStore|x86.ActiveCfg = AppStore|iPhone
		{64407F8D-74DE-474B-B6A3-196332D49773}.Debug|Any CPU.ActiveCfg = Debug|iPhone
		{64407F8D-74DE-474B-B6A3-196332D49773}.Debug|ARM.ActiveCfg = Debug|iPhone
		{64407F8D-74DE-474B-B6A3-196332D49773}.Debug|iPhone.ActiveCfg = Debug|iPhone
		{64407F8D-74DE-474B-B6A3-196332D49773}.Debug|iPhone.Build.0 = Debug|iPhone
		{64407F8D-74DE-474B-B6A3-196332D49773}.Debug|iPhoneSimulator.ActiveCfg = Debug|iPhoneSimulator
		{64407F8D-74DE-474B-B6A3-196332D49773}.Debug|iPhoneSimulator.Build.0 = Debug|iPhoneSimulator
		{64407F8D-74DE-474B-B6A3-196332D49773}.Debug|x64.ActiveCfg = Debug|iPhone
		{64407F8D-74DE-474B-B6A3-196332D49773}.Debug|x86.ActiveCfg = Debug|iPhone
		{64407F8D-74DE-474B-B6A3-196332D49773}.Release|Any CPU.ActiveCfg = Release|iPhone
		{64407F8D-74DE-474B-B6A3-196332D49773}.Release|ARM.ActiveCfg = Release|iPhone
		{64407F8D-74DE-474B-B6A3-196332D49773}.Release|iPhone.ActiveCfg = Release|iPhone
		{64407F8D-74DE-474B-B6A3-196332D49773}.Release|iPhone.Build.0 = Release|iPhone
		{64407F8D-74DE-474B-B6A3-196332D49773}.Release|iPhoneSimulator.ActiveCfg = Release|iPhoneSimulator
		{64407F8D-74DE-474B-B6A3-196332D49773}.Release|iPhoneSimulator.Build.0 = Release|iPhoneSimulator
		{64407F8D-74DE-474B-B6A3-196332D49773}.Release|x64.ActiveCfg = Release|iPhone
		{64407F8D-74DE-474B-B6A3-196332D49773}.Release|x86.ActiveCfg = Release|iPhone
		{6E90D56E-9552-4047-B40D-CB879EACC39A}.Ad-Hoc|Any CPU.ActiveCfg = Release|x86
		{6E90D56E-9552-4047-B40D-CB879EACC39A}.Ad-Hoc|Any CPU.Build.0 = Release|x86
		{6E90D56E-9552-4047-B40D-CB879EACC39A}.Ad-Hoc|Any CPU.Deploy.0 = Release|x86
		{6E90D56E-9552-4047-B40D-CB879EACC39A}.Ad-Hoc|ARM.ActiveCfg = Release|ARM
		{6E90D56E-9552-4047-B40D-CB879EACC39A}.Ad-Hoc|ARM.Build.0 = Release|ARM
		{6E90D56E-9552-4047-B40D-CB879EACC39A}.Ad-Hoc|ARM.Deploy.0 = Release|ARM
		{6E90D56E-9552-4047-B40D-CB879EACC39A}.Ad-Hoc|iPhone.ActiveCfg = Release|x86
		{6E90D56E-9552-4047-B40D-CB879EACC39A}.Ad-Hoc|iPhone.Build.0 = Release|x86
		{6E90D56E-9552-4047-B40D-CB879EACC39A}.Ad-Hoc|iPhone.Deploy.0 = Release|x86
		{6E90D56E-9552-4047-B40D-CB879EACC39A}.Ad-Hoc|iPhoneSimulator.ActiveCfg = Release|x86
		{6E90D56E-9552-4047-B40D-CB879EACC39A}.Ad-Hoc|iPhoneSimulator.Build.0 = Release|x86
		{6E90D56E-9552-4047-B40D-CB879EACC39A}.Ad-Hoc|iPhoneSimulator.Deploy.0 = Release|x86
		{6E90D56E-9552-4047-B40D-CB879EACC39A}.Ad-Hoc|x64.ActiveCfg = Release|x64
		{6E90D56E-9552-4047-B40D-CB879EACC39A}.Ad-Hoc|x64.Build.0 = Release|x64
		{6E90D56E-9552-4047-B40D-CB879EACC39A}.Ad-Hoc|x64.Deploy.0 = Release|x64
		{6E90D56E-9552-4047-B40D-CB879EACC39A}.Ad-Hoc|x86.ActiveCfg = Release|x86
		{6E90D56E-9552-4047-B40D-CB879EACC39A}.Ad-Hoc|x86.Build.0 = Release|x86
		{6E90D56E-9552-4047-B40D-CB879EACC39A}.Ad-Hoc|x86.Deploy.0 = Release|x86
		{6E90D56E-9552-4047-B40D-CB879EACC39A}.AppStore|Any CPU.ActiveCfg = Release|x86
		{6E90D56E-9552-4047-B40D-CB879EACC39A}.AppStore|Any CPU.Build.0 = Release|x86
		{6E90D56E-9552-4047-B40D-CB879EACC39A}.AppStore|Any CPU.Deploy.0 = Release|x86
		{6E90D56E-9552-4047-B40D-CB879EACC39A}.AppStore|ARM.ActiveCfg = Release|ARM
		{6E90D56E-9552-4047-B40D-CB879EACC39A}.AppStore|ARM.Build.0 = Release|ARM
		{6E90D56E-9552-4047-B40D-CB879EACC39A}.AppStore|ARM.Deploy.0 = Release|ARM
		{6E90D56E-9552-4047-B40D-CB879EACC39A}.AppStore|iPhone.ActiveCfg = Release|x86
		{6E90D56E-9552-4047-B40D-CB879EACC39A}.AppStore|iPhone.Build.0 = Release|x86
		{6E90D56E-9552-4047-B40D-CB879EACC39A}.AppStore|iPhone.Deploy.0 = Release|x86
		{6E90D56E-9552-4047-B40D-CB879EACC39A}.AppStore|iPhoneSimulator.ActiveCfg = Release|x86
		{6E90D56E-9552-4047-B40D-CB879EACC39A}.AppStore|iPhoneSimulator.Build.0 = Release|x86
		{6E90D56E-9552-4047-B40D-CB879EACC39A}.AppStore|iPhoneSimulator.Deploy.0 = Release|x86
		{6E90D56E-9552-4047-B40D-CB879EACC39A}.AppStore|x64.ActiveCfg = Release|x64
		{6E90D56E-9552-4047-B40D-CB879EACC39A}.AppStore|x64.Build.0 = Release|x64
		{6E90D56E-9552-4047-B40D-CB879EACC39A}.AppStore|x64.Deploy.0 = Release|x64
		{6E90D56E-9552-4047-B40D-CB879EACC39A}.AppStore|x86.ActiveCfg = Release|x86
		{6E90D56E-9552-4047-B40D-CB879EACC39A}.AppStore|x86.Build.0 = Release|x86
		{6E90D56E-9552-4047-B40D-CB879EACC39A}.AppStore|x86.Deploy.0 = Release|x86
		{6E90D56E-9552-4047-B40D-CB879EACC39A}.Debug|Any CPU.ActiveCfg = Debug|x86
		{6E90D56E-9552-4047-B40D-CB879EACC39A}.Debug|ARM.ActiveCfg = Debug|ARM
		{6E90D56E-9552-4047-B40D-CB879EACC39A}.Debug|ARM.Build.0 = Debug|ARM
		{6E90D56E-9552-4047-B40D-CB879EACC39A}.Debug|ARM.Deploy.0 = Debug|ARM
		{6E90D56E-9552-4047-B40D-CB879EACC39A}.Debug|iPhone.ActiveCfg = Debug|x86
		{6E90D56E-9552-4047-B40D-CB879EACC39A}.Debug|iPhoneSimulator.ActiveCfg = Debug|x86
		{6E90D56E-9552-4047-B40D-CB879EACC39A}.Debug|x64.ActiveCfg = Debug|x64
		{6E90D56E-9552-4047-B40D-CB879EACC39A}.Debug|x64.Build.0 = Debug|x64
		{6E90D56E-9552-4047-B40D-CB879EACC39A}.Debug|x64.Deploy.0 = Debug|x64
		{6E90D56E-9552-4047-B40D-CB879EACC39A}.Debug|x86.ActiveCfg = Debug|x86
		{6E90D56E-9552-4047-B40D-CB879EACC39A}.Debug|x86.Build.0 = Debug|x86
		{6E90D56E-9552-4047-B40D-CB879EACC39A}.Debug|x86.Deploy.0 = Debug|x86
		{6E90D56E-9552-4047-B40D-CB879EACC39A}.Release|Any CPU.ActiveCfg = Release|x86
		{6E90D56E-9552-4047-B40D-CB879EACC39A}.Release|ARM.ActiveCfg = Release|ARM
		{6E90D56E-9552-4047-B40D-CB879EACC39A}.Release|ARM.Build.0 = Release|ARM
		{6E90D56E-9552-4047-B40D-CB879EACC39A}.Release|ARM.Deploy.0 = Release|ARM
		{6E90D56E-9552-4047-B40D-CB879EACC39A}.Release|iPhone.ActiveCfg = Release|x86
		{6E90D56E-9552-4047-B40D-CB879EACC39A}.Release|iPhoneSimulator.ActiveCfg = Release|x86
		{6E90D56E-9552-4047-B40D-CB879EACC39A}.Release|x64.ActiveCfg = Release|x64
		{6E90D56E-9552-4047-B40D-CB879EACC39A}.Release|x64.Build.0 = Release|x64
		{6E90D56E-9552-4047-B40D-CB879EACC39A}.Release|x64.Deploy.0 = Release|x64
		{6E90D56E-9552-4047-B40D-CB879EACC39A}.Release|x86.ActiveCfg = Release|x86
		{6E90D56E-9552-4047-B40D-CB879EACC39A}.Release|x86.Build.0 = Release|x86
		{6E90D56E-9552-4047-B40D-CB879EACC39A}.Release|x86.Deploy.0 = Release|x86
		{1B428362-C3A8-4435-8363-2833641D0543}.Ad-Hoc|Any CPU.ActiveCfg = Debug|Any CPU
		{1B428362-C3A8-4435-8363-2833641D0543}.Ad-Hoc|Any CPU.Build.0 = Debug|Any CPU
		{1B428362-C3A8-4435-8363-2833641D0543}.Ad-Hoc|ARM.ActiveCfg = Debug|Any CPU
		{1B428362-C3A8-4435-8363-2833641D0543}.Ad-Hoc|ARM.Build.0 = Debug|Any CPU
		{1B428362-C3A8-4435-8363-2833641D0543}.Ad-Hoc|iPhone.ActiveCfg = Debug|Any CPU
		{1B428362-C3A8-4435-8363-2833641D0543}.Ad-Hoc|iPhone.Build.0 = Debug|Any CPU
		{1B428362-C3A8-4435-8363-2833641D0543}.Ad-Hoc|iPhoneSimulator.ActiveCfg = Debug|Any CPU
		{1B428362-C3A8-4435-8363-2833641D0543}.Ad-Hoc|iPhoneSimulator.Build.0 = Debug|Any CPU
		{1B428362-C3A8-4435-8363-2833641D0543}.Ad-Hoc|x64.ActiveCfg = Debug|Any CPU
		{1B428362-C3A8-4435-8363-2833641D0543}.Ad-Hoc|x64.Build.0 = Debug|Any CPU
		{1B428362-C3A8-4435-8363-2833641D0543}.Ad-Hoc|x86.ActiveCfg = Debug|Any CPU
		{1B428362-C3A8-4435-8363-2833641D0543}.Ad-Hoc|x86.Build.0 = Debug|Any CPU
		{1B428362-C3A8-4435-8363-2833641D0543}.AppStore|Any CPU.ActiveCfg = Debug|Any CPU
		{1B428362-C3A8-4435-8363-2833641D0543}.AppStore|Any CPU.Build.0 = Debug|Any CPU
		{1B428362-C3A8-4435-8363-2833641D0543}.AppStore|ARM.ActiveCfg = Debug|Any CPU
		{1B428362-C3A8-4435-8363-2833641D0543}.AppStore|ARM.Build.0 = Debug|Any CPU
		{1B428362-C3A8-4435-8363-2833641D0543}.AppStore|iPhone.ActiveCfg = Debug|Any CPU
		{1B428362-C3A8-4435-8363-2833641D0543}.AppStore|iPhone.Build.0 = Debug|Any CPU
		{1B428362-C3A8-4435-8363-2833641D0543}.AppStore|iPhoneSimulator.ActiveCfg = Debug|Any CPU
		{1B428362-C3A8-4435-8363-2833641D0543}.AppStore|iPhoneSimulator.Build.0 = Debug|Any CPU
		{1B428362-C3A8-4435-8363-2833641D0543}.AppStore|x64.ActiveCfg = Debug|Any CPU
		{1B428362-C3A8-4435-8363-2833641D0543}.AppStore|x64.Build.0 = Debug|Any CPU
		{1B428362-C3A8-4435-8363-2833641D0543}.AppStore|x86.ActiveCfg = Debug|Any CPU
		{1B428362-C3A8-4435-8363-2833641D0543}.AppStore|x86.Build.0 = Debug|Any CPU
		{1B428362-C3A8-4435-8363-2833641D0543}.Debug|Any CPU.ActiveCfg = Debug|Any CPU
		{1B428362-C3A8-4435-8363-2833641D0543}.Debug|Any CPU.Build.0 = Debug|Any CPU
		{1B428362-C3A8-4435-8363-2833641D0543}.Debug|ARM.ActiveCfg = Debug|Any CPU
		{1B428362-C3A8-4435-8363-2833641D0543}.Debug|ARM.Build.0 = Debug|Any CPU
		{1B428362-C3A8-4435-8363-2833641D0543}.Debug|iPhone.ActiveCfg = Debug|Any CPU
		{1B428362-C3A8-4435-8363-2833641D0543}.Debug|iPhone.Build.0 = Debug|Any CPU
		{1B428362-C3A8-4435-8363-2833641D0543}.Debug|iPhoneSimulator.ActiveCfg = Debug|Any CPU
		{1B428362-C3A8-4435-8363-2833641D0543}.Debug|iPhoneSimulator.Build.0 = Debug|Any CPU
		{1B428362-C3A8-4435-8363-2833641D0543}.Debug|x64.ActiveCfg = Debug|Any CPU
		{1B428362-C3A8-4435-8363-2833641D0543}.Debug|x64.Build.0 = Debug|Any CPU
		{1B428362-C3A8-4435-8363-2833641D0543}.Debug|x86.ActiveCfg = Debug|Any CPU
		{1B428362-C3A8-4435-8363-2833641D0543}.Debug|x86.Build.0 = Debug|Any CPU
		{1B428362-C3A8-4435-8363-2833641D0543}.Release|Any CPU.ActiveCfg = Release|Any CPU
		{1B428362-C3A8-4435-8363-2833641D0543}.Release|Any CPU.Build.0 = Release|Any CPU
		{1B428362-C3A8-4435-8363-2833641D0543}.Release|ARM.ActiveCfg = Release|Any CPU
		{1B428362-C3A8-4435-8363-2833641D0543}.Release|ARM.Build.0 = Release|Any CPU
		{1B428362-C3A8-4435-8363-2833641D0543}.Release|iPhone.ActiveCfg = Release|Any CPU
		{1B428362-C3A8-4435-8363-2833641D0543}.Release|iPhone.Build.0 = Release|Any CPU
		{1B428362-C3A8-4435-8363-2833641D0543}.Release|iPhoneSimulator.ActiveCfg = Release|Any CPU
		{1B428362-C3A8-4435-8363-2833641D0543}.Release|iPhoneSimulator.Build.0 = Release|Any CPU
		{1B428362-C3A8-4435-8363-2833641D0543}.Release|x64.ActiveCfg = Release|Any CPU
		{1B428362-C3A8-4435-8363-2833641D0543}.Release|x64.Build.0 = Release|Any CPU
		{1B428362-C3A8-4435-8363-2833641D0543}.Release|x86.ActiveCfg = Release|Any CPU
		{1B428362-C3A8-4435-8363-2833641D0543}.Release|x86.Build.0 = Release|Any CPU
		{FC2ABD54-AEC6-4DB5-A3AB-E6C4E612FFAE}.Ad-Hoc|Any CPU.ActiveCfg = Release|Any CPU
		{FC2ABD54-AEC6-4DB5-A3AB-E6C4E612FFAE}.Ad-Hoc|Any CPU.Build.0 = Release|Any CPU
		{FC2ABD54-AEC6-4DB5-A3AB-E6C4E612FFAE}.Ad-Hoc|Any CPU.Deploy.0 = Release|Any CPU
		{FC2ABD54-AEC6-4DB5-A3AB-E6C4E612FFAE}.Ad-Hoc|ARM.ActiveCfg = Release|Any CPU
		{FC2ABD54-AEC6-4DB5-A3AB-E6C4E612FFAE}.Ad-Hoc|ARM.Build.0 = Release|Any CPU
		{FC2ABD54-AEC6-4DB5-A3AB-E6C4E612FFAE}.Ad-Hoc|ARM.Deploy.0 = Release|Any CPU
		{FC2ABD54-AEC6-4DB5-A3AB-E6C4E612FFAE}.Ad-Hoc|iPhone.ActiveCfg = Release|Any CPU
		{FC2ABD54-AEC6-4DB5-A3AB-E6C4E612FFAE}.Ad-Hoc|iPhone.Build.0 = Release|Any CPU
		{FC2ABD54-AEC6-4DB5-A3AB-E6C4E612FFAE}.Ad-Hoc|iPhone.Deploy.0 = Release|Any CPU
		{FC2ABD54-AEC6-4DB5-A3AB-E6C4E612FFAE}.Ad-Hoc|iPhoneSimulator.ActiveCfg = Release|Any CPU
		{FC2ABD54-AEC6-4DB5-A3AB-E6C4E612FFAE}.Ad-Hoc|iPhoneSimulator.Build.0 = Release|Any CPU
		{FC2ABD54-AEC6-4DB5-A3AB-E6C4E612FFAE}.Ad-Hoc|iPhoneSimulator.Deploy.0 = Release|Any CPU
		{FC2ABD54-AEC6-4DB5-A3AB-E6C4E612FFAE}.Ad-Hoc|x64.ActiveCfg = Release|Any CPU
		{FC2ABD54-AEC6-4DB5-A3AB-E6C4E612FFAE}.Ad-Hoc|x64.Build.0 = Release|Any CPU
		{FC2ABD54-AEC6-4DB5-A3AB-E6C4E612FFAE}.Ad-Hoc|x64.Deploy.0 = Release|Any CPU
		{FC2ABD54-AEC6-4DB5-A3AB-E6C4E612FFAE}.Ad-Hoc|x86.ActiveCfg = Release|Any CPU
		{FC2ABD54-AEC6-4DB5-A3AB-E6C4E612FFAE}.Ad-Hoc|x86.Build.0 = Release|Any CPU
		{FC2ABD54-AEC6-4DB5-A3AB-E6C4E612FFAE}.Ad-Hoc|x86.Deploy.0 = Release|Any CPU
		{FC2ABD54-AEC6-4DB5-A3AB-E6C4E612FFAE}.AppStore|Any CPU.ActiveCfg = Release|Any CPU
		{FC2ABD54-AEC6-4DB5-A3AB-E6C4E612FFAE}.AppStore|Any CPU.Build.0 = Release|Any CPU
		{FC2ABD54-AEC6-4DB5-A3AB-E6C4E612FFAE}.AppStore|Any CPU.Deploy.0 = Release|Any CPU
		{FC2ABD54-AEC6-4DB5-A3AB-E6C4E612FFAE}.AppStore|ARM.ActiveCfg = Release|Any CPU
		{FC2ABD54-AEC6-4DB5-A3AB-E6C4E612FFAE}.AppStore|ARM.Build.0 = Release|Any CPU
		{FC2ABD54-AEC6-4DB5-A3AB-E6C4E612FFAE}.AppStore|ARM.Deploy.0 = Release|Any CPU
		{FC2ABD54-AEC6-4DB5-A3AB-E6C4E612FFAE}.AppStore|iPhone.ActiveCfg = Release|Any CPU
		{FC2ABD54-AEC6-4DB5-A3AB-E6C4E612FFAE}.AppStore|iPhone.Build.0 = Release|Any CPU
		{FC2ABD54-AEC6-4DB5-A3AB-E6C4E612FFAE}.AppStore|iPhone.Deploy.0 = Release|Any CPU
		{FC2ABD54-AEC6-4DB5-A3AB-E6C4E612FFAE}.AppStore|iPhoneSimulator.ActiveCfg = Release|Any CPU
		{FC2ABD54-AEC6-4DB5-A3AB-E6C4E612FFAE}.AppStore|iPhoneSimulator.Build.0 = Release|Any CPU
		{FC2ABD54-AEC6-4DB5-A3AB-E6C4E612FFAE}.AppStore|iPhoneSimulator.Deploy.0 = Release|Any CPU
		{FC2ABD54-AEC6-4DB5-A3AB-E6C4E612FFAE}.AppStore|x64.ActiveCfg = Release|Any CPU
		{FC2ABD54-AEC6-4DB5-A3AB-E6C4E612FFAE}.AppStore|x64.Build.0 = Release|Any CPU
		{FC2ABD54-AEC6-4DB5-A3AB-E6C4E612FFAE}.AppStore|x64.Deploy.0 = Release|Any CPU
		{FC2ABD54-AEC6-4DB5-A3AB-E6C4E612FFAE}.AppStore|x86.ActiveCfg = Release|Any CPU
		{FC2ABD54-AEC6-4DB5-A3AB-E6C4E612FFAE}.AppStore|x86.Build.0 = Release|Any CPU
		{FC2ABD54-AEC6-4DB5-A3AB-E6C4E612FFAE}.AppStore|x86.Deploy.0 = Release|Any CPU
		{FC2ABD54-AEC6-4DB5-A3AB-E6C4E612FFAE}.Debug|Any CPU.ActiveCfg = Debug|Any CPU
		{FC2ABD54-AEC6-4DB5-A3AB-E6C4E612FFAE}.Debug|Any CPU.Build.0 = Debug|Any CPU
		{FC2ABD54-AEC6-4DB5-A3AB-E6C4E612FFAE}.Debug|Any CPU.Deploy.0 = Debug|Any CPU
		{FC2ABD54-AEC6-4DB5-A3AB-E6C4E612FFAE}.Debug|ARM.ActiveCfg = Debug|Any CPU
		{FC2ABD54-AEC6-4DB5-A3AB-E6C4E612FFAE}.Debug|ARM.Build.0 = Debug|Any CPU
		{FC2ABD54-AEC6-4DB5-A3AB-E6C4E612FFAE}.Debug|ARM.Deploy.0 = Debug|Any CPU
		{FC2ABD54-AEC6-4DB5-A3AB-E6C4E612FFAE}.Debug|iPhone.ActiveCfg = Debug|Any CPU
		{FC2ABD54-AEC6-4DB5-A3AB-E6C4E612FFAE}.Debug|iPhone.Build.0 = Debug|Any CPU
		{FC2ABD54-AEC6-4DB5-A3AB-E6C4E612FFAE}.Debug|iPhone.Deploy.0 = Debug|Any CPU
		{FC2ABD54-AEC6-4DB5-A3AB-E6C4E612FFAE}.Debug|iPhoneSimulator.ActiveCfg = Debug|Any CPU
		{FC2ABD54-AEC6-4DB5-A3AB-E6C4E612FFAE}.Debug|iPhoneSimulator.Build.0 = Debug|Any CPU
		{FC2ABD54-AEC6-4DB5-A3AB-E6C4E612FFAE}.Debug|iPhoneSimulator.Deploy.0 = Debug|Any CPU
		{FC2ABD54-AEC6-4DB5-A3AB-E6C4E612FFAE}.Debug|x64.ActiveCfg = Debug|Any CPU
		{FC2ABD54-AEC6-4DB5-A3AB-E6C4E612FFAE}.Debug|x64.Build.0 = Debug|Any CPU
		{FC2ABD54-AEC6-4DB5-A3AB-E6C4E612FFAE}.Debug|x64.Deploy.0 = Debug|Any CPU
		{FC2ABD54-AEC6-4DB5-A3AB-E6C4E612FFAE}.Debug|x86.ActiveCfg = Debug|Any CPU
		{FC2ABD54-AEC6-4DB5-A3AB-E6C4E612FFAE}.Debug|x86.Build.0 = Debug|Any CPU
		{FC2ABD54-AEC6-4DB5-A3AB-E6C4E612FFAE}.Debug|x86.Deploy.0 = Debug|Any CPU
		{FC2ABD54-AEC6-4DB5-A3AB-E6C4E612FFAE}.Release|Any CPU.ActiveCfg = Release|Any CPU
		{FC2ABD54-AEC6-4DB5-A3AB-E6C4E612FFAE}.Release|Any CPU.Build.0 = Release|Any CPU
		{FC2ABD54-AEC6-4DB5-A3AB-E6C4E612FFAE}.Release|Any CPU.Deploy.0 = Release|Any CPU
		{FC2ABD54-AEC6-4DB5-A3AB-E6C4E612FFAE}.Release|ARM.ActiveCfg = Release|Any CPU
		{FC2ABD54-AEC6-4DB5-A3AB-E6C4E612FFAE}.Release|ARM.Build.0 = Release|Any CPU
		{FC2ABD54-AEC6-4DB5-A3AB-E6C4E612FFAE}.Release|ARM.Deploy.0 = Release|Any CPU
		{FC2ABD54-AEC6-4DB5-A3AB-E6C4E612FFAE}.Release|iPhone.ActiveCfg = Release|Any CPU
		{FC2ABD54-AEC6-4DB5-A3AB-E6C4E612FFAE}.Release|iPhone.Build.0 = Release|Any CPU
		{FC2ABD54-AEC6-4DB5-A3AB-E6C4E612FFAE}.Release|iPhone.Deploy.0 = Release|Any CPU
		{FC2ABD54-AEC6-4DB5-A3AB-E6C4E612FFAE}.Release|iPhoneSimulator.ActiveCfg = Release|Any CPU
		{FC2ABD54-AEC6-4DB5-A3AB-E6C4E612FFAE}.Release|iPhoneSimulator.Build.0 = Release|Any CPU
		{FC2ABD54-AEC6-4DB5-A3AB-E6C4E612FFAE}.Release|iPhoneSimulator.Deploy.0 = Release|Any CPU
		{FC2ABD54-AEC6-4DB5-A3AB-E6C4E612FFAE}.Release|x64.ActiveCfg = Release|Any CPU
		{FC2ABD54-AEC6-4DB5-A3AB-E6C4E612FFAE}.Release|x64.Build.0 = Release|Any CPU
		{FC2ABD54-AEC6-4DB5-A3AB-E6C4E612FFAE}.Release|x64.Deploy.0 = Release|Any CPU
		{FC2ABD54-AEC6-4DB5-A3AB-E6C4E612FFAE}.Release|x86.ActiveCfg = Release|Any CPU
		{FC2ABD54-AEC6-4DB5-A3AB-E6C4E612FFAE}.Release|x86.Build.0 = Release|Any CPU
		{FC2ABD54-AEC6-4DB5-A3AB-E6C4E612FFAE}.Release|x86.Deploy.0 = Release|Any CPU
		{CABB9CFE-3421-4841-B640-70F84BCE7A84}.Ad-Hoc|Any CPU.ActiveCfg = Ad-Hoc|iPhone
		{CABB9CFE-3421-4841-B640-70F84BCE7A84}.Ad-Hoc|ARM.ActiveCfg = Ad-Hoc|iPhone
		{CABB9CFE-3421-4841-B640-70F84BCE7A84}.Ad-Hoc|iPhone.ActiveCfg = Ad-Hoc|iPhone
		{CABB9CFE-3421-4841-B640-70F84BCE7A84}.Ad-Hoc|iPhone.Build.0 = Ad-Hoc|iPhone
		{CABB9CFE-3421-4841-B640-70F84BCE7A84}.Ad-Hoc|iPhoneSimulator.ActiveCfg = Ad-Hoc|iPhoneSimulator
		{CABB9CFE-3421-4841-B640-70F84BCE7A84}.Ad-Hoc|iPhoneSimulator.Build.0 = Ad-Hoc|iPhoneSimulator
		{CABB9CFE-3421-4841-B640-70F84BCE7A84}.Ad-Hoc|x64.ActiveCfg = Ad-Hoc|iPhone
		{CABB9CFE-3421-4841-B640-70F84BCE7A84}.Ad-Hoc|x86.ActiveCfg = Ad-Hoc|iPhone
		{CABB9CFE-3421-4841-B640-70F84BCE7A84}.AppStore|Any CPU.ActiveCfg = AppStore|iPhone
		{CABB9CFE-3421-4841-B640-70F84BCE7A84}.AppStore|ARM.ActiveCfg = AppStore|iPhone
		{CABB9CFE-3421-4841-B640-70F84BCE7A84}.AppStore|iPhone.ActiveCfg = AppStore|iPhone
		{CABB9CFE-3421-4841-B640-70F84BCE7A84}.AppStore|iPhone.Build.0 = AppStore|iPhone
		{CABB9CFE-3421-4841-B640-70F84BCE7A84}.AppStore|iPhoneSimulator.ActiveCfg = AppStore|iPhoneSimulator
		{CABB9CFE-3421-4841-B640-70F84BCE7A84}.AppStore|iPhoneSimulator.Build.0 = AppStore|iPhoneSimulator
		{CABB9CFE-3421-4841-B640-70F84BCE7A84}.AppStore|x64.ActiveCfg = AppStore|iPhone
		{CABB9CFE-3421-4841-B640-70F84BCE7A84}.AppStore|x86.ActiveCfg = AppStore|iPhone
		{CABB9CFE-3421-4841-B640-70F84BCE7A84}.Debug|Any CPU.ActiveCfg = Debug|iPhone
		{CABB9CFE-3421-4841-B640-70F84BCE7A84}.Debug|ARM.ActiveCfg = Debug|iPhone
		{CABB9CFE-3421-4841-B640-70F84BCE7A84}.Debug|iPhone.ActiveCfg = Debug|iPhone
		{CABB9CFE-3421-4841-B640-70F84BCE7A84}.Debug|iPhone.Build.0 = Debug|iPhone
		{CABB9CFE-3421-4841-B640-70F84BCE7A84}.Debug|iPhoneSimulator.ActiveCfg = Debug|iPhoneSimulator
		{CABB9CFE-3421-4841-B640-70F84BCE7A84}.Debug|iPhoneSimulator.Build.0 = Debug|iPhoneSimulator
		{CABB9CFE-3421-4841-B640-70F84BCE7A84}.Debug|x64.ActiveCfg = Debug|iPhone
		{CABB9CFE-3421-4841-B640-70F84BCE7A84}.Debug|x86.ActiveCfg = Debug|iPhone
		{CABB9CFE-3421-4841-B640-70F84BCE7A84}.Release|Any CPU.ActiveCfg = Release|iPhone
		{CABB9CFE-3421-4841-B640-70F84BCE7A84}.Release|ARM.ActiveCfg = Release|iPhone
		{CABB9CFE-3421-4841-B640-70F84BCE7A84}.Release|iPhone.ActiveCfg = Release|iPhone
		{CABB9CFE-3421-4841-B640-70F84BCE7A84}.Release|iPhone.Build.0 = Release|iPhone
		{CABB9CFE-3421-4841-B640-70F84BCE7A84}.Release|iPhoneSimulator.ActiveCfg = Release|iPhoneSimulator
		{CABB9CFE-3421-4841-B640-70F84BCE7A84}.Release|iPhoneSimulator.Build.0 = Release|iPhoneSimulator
		{CABB9CFE-3421-4841-B640-70F84BCE7A84}.Release|x64.ActiveCfg = Release|iPhone
		{CABB9CFE-3421-4841-B640-70F84BCE7A84}.Release|x86.ActiveCfg = Release|iPhone
		{7B7BC188-6C84-4B0E-8AEE-D5E545722D32}.Ad-Hoc|Any CPU.ActiveCfg = Release|x86
		{7B7BC188-6C84-4B0E-8AEE-D5E545722D32}.Ad-Hoc|Any CPU.Build.0 = Release|x86
		{7B7BC188-6C84-4B0E-8AEE-D5E545722D32}.Ad-Hoc|Any CPU.Deploy.0 = Release|x86
		{7B7BC188-6C84-4B0E-8AEE-D5E545722D32}.Ad-Hoc|ARM.ActiveCfg = Release|ARM
		{7B7BC188-6C84-4B0E-8AEE-D5E545722D32}.Ad-Hoc|ARM.Build.0 = Release|ARM
		{7B7BC188-6C84-4B0E-8AEE-D5E545722D32}.Ad-Hoc|ARM.Deploy.0 = Release|ARM
		{7B7BC188-6C84-4B0E-8AEE-D5E545722D32}.Ad-Hoc|iPhone.ActiveCfg = Release|x86
		{7B7BC188-6C84-4B0E-8AEE-D5E545722D32}.Ad-Hoc|iPhone.Build.0 = Release|x86
		{7B7BC188-6C84-4B0E-8AEE-D5E545722D32}.Ad-Hoc|iPhone.Deploy.0 = Release|x86
		{7B7BC188-6C84-4B0E-8AEE-D5E545722D32}.Ad-Hoc|iPhoneSimulator.ActiveCfg = Release|x86
		{7B7BC188-6C84-4B0E-8AEE-D5E545722D32}.Ad-Hoc|iPhoneSimulator.Build.0 = Release|x86
		{7B7BC188-6C84-4B0E-8AEE-D5E545722D32}.Ad-Hoc|iPhoneSimulator.Deploy.0 = Release|x86
		{7B7BC188-6C84-4B0E-8AEE-D5E545722D32}.Ad-Hoc|x64.ActiveCfg = Release|x64
		{7B7BC188-6C84-4B0E-8AEE-D5E545722D32}.Ad-Hoc|x64.Build.0 = Release|x64
		{7B7BC188-6C84-4B0E-8AEE-D5E545722D32}.Ad-Hoc|x64.Deploy.0 = Release|x64
		{7B7BC188-6C84-4B0E-8AEE-D5E545722D32}.Ad-Hoc|x86.ActiveCfg = Release|x86
		{7B7BC188-6C84-4B0E-8AEE-D5E545722D32}.Ad-Hoc|x86.Build.0 = Release|x86
		{7B7BC188-6C84-4B0E-8AEE-D5E545722D32}.Ad-Hoc|x86.Deploy.0 = Release|x86
		{7B7BC188-6C84-4B0E-8AEE-D5E545722D32}.AppStore|Any CPU.ActiveCfg = Release|x86
		{7B7BC188-6C84-4B0E-8AEE-D5E545722D32}.AppStore|Any CPU.Build.0 = Release|x86
		{7B7BC188-6C84-4B0E-8AEE-D5E545722D32}.AppStore|Any CPU.Deploy.0 = Release|x86
		{7B7BC188-6C84-4B0E-8AEE-D5E545722D32}.AppStore|ARM.ActiveCfg = Release|ARM
		{7B7BC188-6C84-4B0E-8AEE-D5E545722D32}.AppStore|ARM.Build.0 = Release|ARM
		{7B7BC188-6C84-4B0E-8AEE-D5E545722D32}.AppStore|ARM.Deploy.0 = Release|ARM
		{7B7BC188-6C84-4B0E-8AEE-D5E545722D32}.AppStore|iPhone.ActiveCfg = Release|x86
		{7B7BC188-6C84-4B0E-8AEE-D5E545722D32}.AppStore|iPhone.Build.0 = Release|x86
		{7B7BC188-6C84-4B0E-8AEE-D5E545722D32}.AppStore|iPhone.Deploy.0 = Release|x86
		{7B7BC188-6C84-4B0E-8AEE-D5E545722D32}.AppStore|iPhoneSimulator.ActiveCfg = Release|x86
		{7B7BC188-6C84-4B0E-8AEE-D5E545722D32}.AppStore|iPhoneSimulator.Build.0 = Release|x86
		{7B7BC188-6C84-4B0E-8AEE-D5E545722D32}.AppStore|iPhoneSimulator.Deploy.0 = Release|x86
		{7B7BC188-6C84-4B0E-8AEE-D5E545722D32}.AppStore|x64.ActiveCfg = Release|x64
		{7B7BC188-6C84-4B0E-8AEE-D5E545722D32}.AppStore|x64.Build.0 = Release|x64
		{7B7BC188-6C84-4B0E-8AEE-D5E545722D32}.AppStore|x64.Deploy.0 = Release|x64
		{7B7BC188-6C84-4B0E-8AEE-D5E545722D32}.AppStore|x86.ActiveCfg = Release|x86
		{7B7BC188-6C84-4B0E-8AEE-D5E545722D32}.AppStore|x86.Build.0 = Release|x86
		{7B7BC188-6C84-4B0E-8AEE-D5E545722D32}.AppStore|x86.Deploy.0 = Release|x86
		{7B7BC188-6C84-4B0E-8AEE-D5E545722D32}.Debug|Any CPU.ActiveCfg = Debug|x86
		{7B7BC188-6C84-4B0E-8AEE-D5E545722D32}.Debug|ARM.ActiveCfg = Debug|ARM
		{7B7BC188-6C84-4B0E-8AEE-D5E545722D32}.Debug|ARM.Build.0 = Debug|ARM
		{7B7BC188-6C84-4B0E-8AEE-D5E545722D32}.Debug|ARM.Deploy.0 = Debug|ARM
		{7B7BC188-6C84-4B0E-8AEE-D5E545722D32}.Debug|iPhone.ActiveCfg = Debug|x86
		{7B7BC188-6C84-4B0E-8AEE-D5E545722D32}.Debug|iPhoneSimulator.ActiveCfg = Debug|x86
		{7B7BC188-6C84-4B0E-8AEE-D5E545722D32}.Debug|x64.ActiveCfg = Debug|x64
		{7B7BC188-6C84-4B0E-8AEE-D5E545722D32}.Debug|x64.Build.0 = Debug|x64
		{7B7BC188-6C84-4B0E-8AEE-D5E545722D32}.Debug|x64.Deploy.0 = Debug|x64
		{7B7BC188-6C84-4B0E-8AEE-D5E545722D32}.Debug|x86.ActiveCfg = Debug|x86
		{7B7BC188-6C84-4B0E-8AEE-D5E545722D32}.Debug|x86.Build.0 = Debug|x86
		{7B7BC188-6C84-4B0E-8AEE-D5E545722D32}.Debug|x86.Deploy.0 = Debug|x86
		{7B7BC188-6C84-4B0E-8AEE-D5E545722D32}.Release|Any CPU.ActiveCfg = Release|x86
		{7B7BC188-6C84-4B0E-8AEE-D5E545722D32}.Release|ARM.ActiveCfg = Release|ARM
		{7B7BC188-6C84-4B0E-8AEE-D5E545722D32}.Release|ARM.Build.0 = Release|ARM
		{7B7BC188-6C84-4B0E-8AEE-D5E545722D32}.Release|ARM.Deploy.0 = Release|ARM
		{7B7BC188-6C84-4B0E-8AEE-D5E545722D32}.Release|iPhone.ActiveCfg = Release|x86
		{7B7BC188-6C84-4B0E-8AEE-D5E545722D32}.Release|iPhoneSimulator.ActiveCfg = Release|x86
		{7B7BC188-6C84-4B0E-8AEE-D5E545722D32}.Release|x64.ActiveCfg = Release|x64
		{7B7BC188-6C84-4B0E-8AEE-D5E545722D32}.Release|x64.Build.0 = Release|x64
		{7B7BC188-6C84-4B0E-8AEE-D5E545722D32}.Release|x64.Deploy.0 = Release|x64
		{7B7BC188-6C84-4B0E-8AEE-D5E545722D32}.Release|x86.ActiveCfg = Release|x86
		{7B7BC188-6C84-4B0E-8AEE-D5E545722D32}.Release|x86.Build.0 = Release|x86
		{7B7BC188-6C84-4B0E-8AEE-D5E545722D32}.Release|x86.Deploy.0 = Release|x86
		{6BE5B20F-332F-47F6-90ED-980C705F5118}.Ad-Hoc|Any CPU.ActiveCfg = Debug|Any CPU
		{6BE5B20F-332F-47F6-90ED-980C705F5118}.Ad-Hoc|Any CPU.Build.0 = Debug|Any CPU
		{6BE5B20F-332F-47F6-90ED-980C705F5118}.Ad-Hoc|ARM.ActiveCfg = Debug|Any CPU
		{6BE5B20F-332F-47F6-90ED-980C705F5118}.Ad-Hoc|ARM.Build.0 = Debug|Any CPU
		{6BE5B20F-332F-47F6-90ED-980C705F5118}.Ad-Hoc|iPhone.ActiveCfg = Debug|Any CPU
		{6BE5B20F-332F-47F6-90ED-980C705F5118}.Ad-Hoc|iPhone.Build.0 = Debug|Any CPU
		{6BE5B20F-332F-47F6-90ED-980C705F5118}.Ad-Hoc|iPhoneSimulator.ActiveCfg = Debug|Any CPU
		{6BE5B20F-332F-47F6-90ED-980C705F5118}.Ad-Hoc|iPhoneSimulator.Build.0 = Debug|Any CPU
		{6BE5B20F-332F-47F6-90ED-980C705F5118}.Ad-Hoc|x64.ActiveCfg = Debug|Any CPU
		{6BE5B20F-332F-47F6-90ED-980C705F5118}.Ad-Hoc|x64.Build.0 = Debug|Any CPU
		{6BE5B20F-332F-47F6-90ED-980C705F5118}.Ad-Hoc|x86.ActiveCfg = Debug|Any CPU
		{6BE5B20F-332F-47F6-90ED-980C705F5118}.Ad-Hoc|x86.Build.0 = Debug|Any CPU
		{6BE5B20F-332F-47F6-90ED-980C705F5118}.AppStore|Any CPU.ActiveCfg = Debug|Any CPU
		{6BE5B20F-332F-47F6-90ED-980C705F5118}.AppStore|Any CPU.Build.0 = Debug|Any CPU
		{6BE5B20F-332F-47F6-90ED-980C705F5118}.AppStore|ARM.ActiveCfg = Debug|Any CPU
		{6BE5B20F-332F-47F6-90ED-980C705F5118}.AppStore|ARM.Build.0 = Debug|Any CPU
		{6BE5B20F-332F-47F6-90ED-980C705F5118}.AppStore|iPhone.ActiveCfg = Debug|Any CPU
		{6BE5B20F-332F-47F6-90ED-980C705F5118}.AppStore|iPhone.Build.0 = Debug|Any CPU
		{6BE5B20F-332F-47F6-90ED-980C705F5118}.AppStore|iPhoneSimulator.ActiveCfg = Debug|Any CPU
		{6BE5B20F-332F-47F6-90ED-980C705F5118}.AppStore|iPhoneSimulator.Build.0 = Debug|Any CPU
		{6BE5B20F-332F-47F6-90ED-980C705F5118}.AppStore|x64.ActiveCfg = Debug|Any CPU
		{6BE5B20F-332F-47F6-90ED-980C705F5118}.AppStore|x64.Build.0 = Debug|Any CPU
		{6BE5B20F-332F-47F6-90ED-980C705F5118}.AppStore|x86.ActiveCfg = Debug|Any CPU
		{6BE5B20F-332F-47F6-90ED-980C705F5118}.AppStore|x86.Build.0 = Debug|Any CPU
		{6BE5B20F-332F-47F6-90ED-980C705F5118}.Debug|Any CPU.ActiveCfg = Debug|Any CPU
		{6BE5B20F-332F-47F6-90ED-980C705F5118}.Debug|Any CPU.Build.0 = Debug|Any CPU
		{6BE5B20F-332F-47F6-90ED-980C705F5118}.Debug|ARM.ActiveCfg = Debug|Any CPU
		{6BE5B20F-332F-47F6-90ED-980C705F5118}.Debug|ARM.Build.0 = Debug|Any CPU
		{6BE5B20F-332F-47F6-90ED-980C705F5118}.Debug|iPhone.ActiveCfg = Debug|Any CPU
		{6BE5B20F-332F-47F6-90ED-980C705F5118}.Debug|iPhone.Build.0 = Debug|Any CPU
		{6BE5B20F-332F-47F6-90ED-980C705F5118}.Debug|iPhoneSimulator.ActiveCfg = Debug|Any CPU
		{6BE5B20F-332F-47F6-90ED-980C705F5118}.Debug|iPhoneSimulator.Build.0 = Debug|Any CPU
		{6BE5B20F-332F-47F6-90ED-980C705F5118}.Debug|x64.ActiveCfg = Debug|Any CPU
		{6BE5B20F-332F-47F6-90ED-980C705F5118}.Debug|x64.Build.0 = Debug|Any CPU
		{6BE5B20F-332F-47F6-90ED-980C705F5118}.Debug|x86.ActiveCfg = Debug|Any CPU
		{6BE5B20F-332F-47F6-90ED-980C705F5118}.Debug|x86.Build.0 = Debug|Any CPU
		{6BE5B20F-332F-47F6-90ED-980C705F5118}.Release|Any CPU.ActiveCfg = Release|Any CPU
		{6BE5B20F-332F-47F6-90ED-980C705F5118}.Release|Any CPU.Build.0 = Release|Any CPU
		{6BE5B20F-332F-47F6-90ED-980C705F5118}.Release|ARM.ActiveCfg = Release|Any CPU
		{6BE5B20F-332F-47F6-90ED-980C705F5118}.Release|ARM.Build.0 = Release|Any CPU
		{6BE5B20F-332F-47F6-90ED-980C705F5118}.Release|iPhone.ActiveCfg = Release|Any CPU
		{6BE5B20F-332F-47F6-90ED-980C705F5118}.Release|iPhone.Build.0 = Release|Any CPU
		{6BE5B20F-332F-47F6-90ED-980C705F5118}.Release|iPhoneSimulator.ActiveCfg = Release|Any CPU
		{6BE5B20F-332F-47F6-90ED-980C705F5118}.Release|iPhoneSimulator.Build.0 = Release|Any CPU
		{6BE5B20F-332F-47F6-90ED-980C705F5118}.Release|x64.ActiveCfg = Release|Any CPU
		{6BE5B20F-332F-47F6-90ED-980C705F5118}.Release|x64.Build.0 = Release|Any CPU
		{6BE5B20F-332F-47F6-90ED-980C705F5118}.Release|x86.ActiveCfg = Release|Any CPU
		{6BE5B20F-332F-47F6-90ED-980C705F5118}.Release|x86.Build.0 = Release|Any CPU
	EndGlobalSection
	GlobalSection(SolutionProperties) = preSolution
		HideSolutionNode = FALSE
	EndGlobalSection
	GlobalSection(NestedProjects) = preSolution
		{F5F32B86-3D7A-4776-B9A1-9E7A565A3CEF} = {EE469838-3A24-4D96-A8AA-43BE15C47480}
		{64407F8D-74DE-474B-B6A3-196332D49773} = {EE469838-3A24-4D96-A8AA-43BE15C47480}
		{6E90D56E-9552-4047-B40D-CB879EACC39A} = {EE469838-3A24-4D96-A8AA-43BE15C47480}
		{1B428362-C3A8-4435-8363-2833641D0543} = {EE469838-3A24-4D96-A8AA-43BE15C47480}
		{FC2ABD54-AEC6-4DB5-A3AB-E6C4E612FFAE} = {15CCA129-1511-4C55-944E-E7A4FE8708AD}
		{CABB9CFE-3421-4841-B640-70F84BCE7A84} = {15CCA129-1511-4C55-944E-E7A4FE8708AD}
		{7B7BC188-6C84-4B0E-8AEE-D5E545722D32} = {15CCA129-1511-4C55-944E-E7A4FE8708AD}
		{6BE5B20F-332F-47F6-90ED-980C705F5118} = {15CCA129-1511-4C55-944E-E7A4FE8708AD}
	EndGlobalSection
	GlobalSection(ExtensibilityGlobals) = postSolution
		SolutionGuid = {8DD0C100-27D8-436D-A3C2-8B86B92B0D4A}
	EndGlobalSection
EndGlobal
